
Microsoft Visual Studio Solution File, Format Version 12.00
Project("{FAE04EC0-301F-11D3-BF4B-00C04F79EFBC}") = "SpotiMate", "SpotiMate\SpotiMate.csproj", "{041BB173-9D44-4EBF-9A50-A18E57124796}"
EndProject
Project("{FAE04EC0-301F-11D3-BF4B-00C04F79EFBC}") = "SpotiMate.Spotify", "SpotiMate.Spotify\SpotiMate.Spotify.csproj", "{B90E9C7D-5EDA-4BCA-9F03-5489BBA0A91E}"
EndProject
Project("{FAE04EC0-301F-11D3-BF4B-00C04F79EFBC}") = "SpotiMate.OpenAI", "SpotiMate.OpenAI\SpotiMate.OpenAI.csproj", "{D3385C0D-590A-4727-B9EE-143A9B20C5FB}"
EndProject
Project("{FAE04EC0-301F-11D3-BF4B-00C04F79EFBC}") = "SpotiMate.SpotifyWeb", "SpotiMate.SpotifyWeb\SpotiMate.SpotifyWeb.csproj", "{72CE1FA2-3BB3-4E04-9490-3C69CABB3C5D}"
EndProject
Global
	GlobalSection(SolutionConfigurationPlatforms) = preSolution
		Debug|Any CPU = Debug|Any CPU
		Release|Any CPU = Release|Any CPU
	EndGlobalSection
	GlobalSection(ProjectConfigurationPlatforms) = postSolution
		{041BB173-9D44-4EBF-9A50-A18E57124796}.Debug|Any CPU.ActiveCfg = Debug|Any CPU
		{041BB173-9D44-4EBF-9A50-A18E57124796}.Debug|Any CPU.Build.0 = Debug|Any CPU
		{041BB173-9D44-4EBF-9A50-A18E57124796}.Release|Any CPU.ActiveCfg = Release|Any CPU
		{041BB173-9D44-4EBF-9A50-A18E57124796}.Release|Any CPU.Build.0 = Release|Any CPU
		{B90E9C7D-5EDA-4BCA-9F03-5489BBA0A91E}.Debug|Any CPU.ActiveCfg = Debug|Any CPU
		{B90E9C7D-5EDA-4BCA-9F03-5489BBA0A91E}.Debug|Any CPU.Build.0 = Debug|Any CPU
		{B90E9C7D-5EDA-4BCA-9F03-5489BBA0A91E}.Release|Any CPU.ActiveCfg = Release|Any CPU
		{B90E9C7D-5EDA-4BCA-9F03-5489BBA0A91E}.Release|Any CPU.Build.0 = Release|Any CPU
		{D3385C0D-590A-4727-B9EE-143A9B20C5FB}.Debug|Any CPU.ActiveCfg = Debug|Any CPU
		{D3385C0D-590A-4727-B9EE-143A9B20C5FB}.Debug|Any CPU.Build.0 = Debug|Any CPU
		{D3385C0D-590A-4727-B9EE-143A9B20C5FB}.Release|Any CPU.ActiveCfg = Release|Any CPU
		{D3385C0D-590A-4727-B9EE-143A9B20C5FB}.Release|Any CPU.Build.0 = Release|Any CPU
		{72CE1FA2-3BB3-4E04-9490-3C69CABB3C5D}.Debug|Any CPU.ActiveCfg = Debug|Any CPU
		{72CE1FA2-3BB3-4E04-9490-3C69CABB3C5D}.Debug|Any CPU.Build.0 = Debug|Any CPU
		{72CE1FA2-3BB3-4E04-9490-3C69CABB3C5D}.Release|Any CPU.ActiveCfg = Release|Any CPU
		{72CE1FA2-3BB3-4E04-9490-3C69CABB3C5D}.Release|Any CPU.Build.0 = Release|Any CPU
	EndGlobalSection
EndGlobal
